
Microsoft Visual Studio Solution File, Format Version 12.00
# Visual Studio Version 17
VisualStudioVersion = 17.12.35506.116 d17.12
MinimumVisualStudioVersion = 10.0.40219.1
Project("{FAE04EC0-301F-11D3-BF4B-00C04F79EFBC}") = "Article.API", "Article.API\Article.API.csproj", "{5BEDC8F7-92CA-4C24-9293-82F09D1D2058}"
EndProject
Project("{2150E333-8FDC-42A3-9474-1A3956D46DE8}") = "Article", "Article", "{733A6865-2E73-44D2-ABF6-0F3FADD6A548}"
EndProject
Project("{FAE04EC0-301F-11D3-BF4B-00C04F79EFBC}") = "Article.Domain", "Article.Domain\Article.Domain.csproj", "{D9738142-E065-42DB-952E-464DFF0094C6}"
EndProject
Project("{FAE04EC0-301F-11D3-BF4B-00C04F79EFBC}") = "Article.Application", "Article.Application\Article.Application.csproj", "{2D800B39-01A6-49DE-A09A-F1CA6C03F8C9}"
EndProject
Project("{FAE04EC0-301F-11D3-BF4B-00C04F79EFBC}") = "Article.Infrastructure", "Article.Infrastructure\Article.Infrastructure.csproj", "{7FCC353F-6813-4BAE-9082-0CB9FF46CDE6}"
EndProject
Project("{2150E333-8FDC-42A3-9474-1A3956D46DE8}") = "Notification", "Notification", "{7BCCAF48-BB2F-45A1-BD97-4EC645A89784}"
EndProject
Project("{FAE04EC0-301F-11D3-BF4B-00C04F79EFBC}") = "Notification.API", "Notification.API\Notification.API.csproj", "{DA5E1600-BD8D-4450-BBFE-9794BBB7591B}"
EndProject
Project("{FAE04EC0-301F-11D3-BF4B-00C04F79EFBC}") = "Notification.Application", "Notification.Application\Notification.Application.csproj", "{A7872F97-08BD-41BE-A562-29BAD4FA4BD5}"
EndProject
Project("{FAE04EC0-301F-11D3-BF4B-00C04F79EFBC}") = "Notification.Infrastructure", "Notification.Infrastructure\Notification.Infrastructure.csproj", "{AA146383-CF1E-4E21-9864-C6386AA29CBC}"
EndProject
Project("{FAE04EC0-301F-11D3-BF4B-00C04F79EFBC}") = "Notification.Domain", "Notification.Domain\Notification.Domain.csproj", "{0BA86882-6319-4B51-9D00-404555591188}"
EndProject
Project("{2150E333-8FDC-42A3-9474-1A3956D46DE8}") = "Tool", "Tool", "{9BC6B1CF-232A-49A4-87FF-673137F12E5B}"
EndProject
Project("{FAE04EC0-301F-11D3-BF4B-00C04F79EFBC}") = "CheckChange.API", "CheckChange.API\CheckChange.API.csproj", "{2904ACCC-96B9-436A-B491-D644D202E3A4}"
EndProject
Global
	GlobalSection(SolutionConfigurationPlatforms) = preSolution
		Debug|Any CPU = Debug|Any CPU
		Release|Any CPU = Release|Any CPU
	EndGlobalSection
	GlobalSection(ProjectConfigurationPlatforms) = postSolution
		{5BEDC8F7-92CA-4C24-9293-82F09D1D2058}.Debug|Any CPU.ActiveCfg = Debug|Any CPU
		{5BEDC8F7-92CA-4C24-9293-82F09D1D2058}.Debug|Any CPU.Build.0 = Debug|Any CPU
		{5BEDC8F7-92CA-4C24-9293-82F09D1D2058}.Release|Any CPU.ActiveCfg = Release|Any CPU
		{5BEDC8F7-92CA-4C24-9293-82F09D1D2058}.Release|Any CPU.Build.0 = Release|Any CPU
		{D9738142-E065-42DB-952E-464DFF0094C6}.Debug|Any CPU.ActiveCfg = Debug|Any CPU
		{D9738142-E065-42DB-952E-464DFF0094C6}.Debug|Any CPU.Build.0 = Debug|Any CPU
		{D9738142-E065-42DB-952E-464DFF0094C6}.Release|Any CPU.ActiveCfg = Release|Any CPU
		{D9738142-E065-42DB-952E-464DFF0094C6}.Release|Any CPU.Build.0 = Release|Any CPU
		{2D800B39-01A6-49DE-A09A-F1CA6C03F8C9}.Debug|Any CPU.ActiveCfg = Debug|Any CPU
		{2D800B39-01A6-49DE-A09A-F1CA6C03F8C9}.Debug|Any CPU.Build.0 = Debug|Any CPU
		{2D800B39-01A6-49DE-A09A-F1CA6C03F8C9}.Release|Any CPU.ActiveCfg = Release|Any CPU
		{2D800B39-01A6-49DE-A09A-F1CA6C03F8C9}.Release|Any CPU.Build.0 = Release|Any CPU
		{7FCC353F-6813-4BAE-9082-0CB9FF46CDE6}.Debug|Any CPU.ActiveCfg = Debug|Any CPU
		{7FCC353F-6813-4BAE-9082-0CB9FF46CDE6}.Debug|Any CPU.Build.0 = Debug|Any CPU
		{7FCC353F-6813-4BAE-9082-0CB9FF46CDE6}.Release|Any CPU.ActiveCfg = Release|Any CPU
		{7FCC353F-6813-4BAE-9082-0CB9FF46CDE6}.Release|Any CPU.Build.0 = Release|Any CPU
		{DA5E1600-BD8D-4450-BBFE-9794BBB7591B}.Debug|Any CPU.ActiveCfg = Debug|Any CPU
		{DA5E1600-BD8D-4450-BBFE-9794BBB7591B}.Debug|Any CPU.Build.0 = Debug|Any CPU
		{DA5E1600-BD8D-4450-BBFE-9794BBB7591B}.Release|Any CPU.ActiveCfg = Release|Any CPU
		{DA5E1600-BD8D-4450-BBFE-9794BBB7591B}.Release|Any CPU.Build.0 = Release|Any CPU
		{A7872F97-08BD-41BE-A562-29BAD4FA4BD5}.Debug|Any CPU.ActiveCfg = Debug|Any CPU
		{A7872F97-08BD-41BE-A562-29BAD4FA4BD5}.Debug|Any CPU.Build.0 = Debug|Any CPU
		{A7872F97-08BD-41BE-A562-29BAD4FA4BD5}.Release|Any CPU.ActiveCfg = Release|Any CPU
		{A7872F97-08BD-41BE-A562-29BAD4FA4BD5}.Release|Any CPU.Build.0 = Release|Any CPU
		{AA146383-CF1E-4E21-9864-C6386AA29CBC}.Debug|Any CPU.ActiveCfg = Debug|Any CPU
		{AA146383-CF1E-4E21-9864-C6386AA29CBC}.Debug|Any CPU.Build.0 = Debug|Any CPU
		{AA146383-CF1E-4E21-9864-C6386AA29CBC}.Release|Any CPU.ActiveCfg = Release|Any CPU
		{AA146383-CF1E-4E21-9864-C6386AA29CBC}.Release|Any CPU.Build.0 = Release|Any CPU
		{0BA86882-6319-4B51-9D00-404555591188}.Debug|Any CPU.ActiveCfg = Debug|Any CPU
		{0BA86882-6319-4B51-9D00-404555591188}.Debug|Any CPU.Build.0 = Debug|Any CPU
		{0BA86882-6319-4B51-9D00-404555591188}.Release|Any CPU.ActiveCfg = Release|Any CPU
		{0BA86882-6319-4B51-9D00-404555591188}.Release|Any CPU.Build.0 = Release|Any CPU
		{2904ACCC-96B9-436A-B491-D644D202E3A4}.Debug|Any CPU.ActiveCfg = Debug|Any CPU
		{2904ACCC-96B9-436A-B491-D644D202E3A4}.Debug|Any CPU.Build.0 = Debug|Any CPU
		{2904ACCC-96B9-436A-B491-D644D202E3A4}.Release|Any CPU.ActiveCfg = Release|Any CPU
		{2904ACCC-96B9-436A-B491-D644D202E3A4}.Release|Any CPU.Build.0 = Release|Any CPU
	EndGlobalSection
	GlobalSection(SolutionProperties) = preSolution
		HideSolutionNode = FALSE
	EndGlobalSection
	GlobalSection(NestedProjects) = preSolution
		{5BEDC8F7-92CA-4C24-9293-82F09D1D2058} = {733A6865-2E73-44D2-ABF6-0F3FADD6A548}
		{D9738142-E065-42DB-952E-464DFF0094C6} = {733A6865-2E73-44D2-ABF6-0F3FADD6A548}
		{2D800B39-01A6-49DE-A09A-F1CA6C03F8C9} = {733A6865-2E73-44D2-ABF6-0F3FADD6A548}
		{7FCC353F-6813-4BAE-9082-0CB9FF46CDE6} = {733A6865-2E73-44D2-ABF6-0F3FADD6A548}
		{DA5E1600-BD8D-4450-BBFE-9794BBB7591B} = {7BCCAF48-BB2F-45A1-BD97-4EC645A89784}
		{A7872F97-08BD-41BE-A562-29BAD4FA4BD5} = {7BCCAF48-BB2F-45A1-BD97-4EC645A89784}
		{AA146383-CF1E-4E21-9864-C6386AA29CBC} = {7BCCAF48-BB2F-45A1-BD97-4EC645A89784}
		{0BA86882-6319-4B51-9D00-404555591188} = {7BCCAF48-BB2F-45A1-BD97-4EC645A89784}
		{2904ACCC-96B9-436A-B491-D644D202E3A4} = {9BC6B1CF-232A-49A4-87FF-673137F12E5B}
	EndGlobalSection
EndGlobal
